
Microsoft Visual Studio Solution File, Format Version 12.00
# Visual Studio Version 17
VisualStudioVersion = 17.4.33110.190
MinimumVisualStudioVersion = 10.0.40219.1
Project("{888888A0-9F3D-457C-B088-3A5042F75D52}") = "lesson4_exercise2", "lesson4_exercise2.pyproj", "{2D53D157-36B9-4BAE-8000-4AD14CF17396}"
EndProject
Global
	GlobalSection(SolutionConfigurationPlatforms) = preSolution
		Debug|Any CPU = Debug|Any CPU
		Release|Any CPU = Release|Any CPU
	EndGlobalSection
	GlobalSection(ProjectConfigurationPlatforms) = postSolution
		{2D53D157-36B9-4BAE-8000-4AD14CF17396}.Debug|Any CPU.ActiveCfg = Debug|Any CPU
		{2D53D157-36B9-4BAE-8000-4AD14CF17396}.Release|Any CPU.ActiveCfg = Release|Any CPU
	EndGlobalSection
	GlobalSection(SolutionProperties) = preSolution
		HideSolutionNode = FALSE
	EndGlobalSection
	GlobalSection(ExtensibilityGlobals) = postSolution
		SolutionGuid = {08E295C3-A153-4A4A-A808-73F24C75CB0B}
	EndGlobalSection
EndGlobal
